
Microsoft Visual Studio Solution File, Format Version 12.00
# Visual Studio Version 16
VisualStudioVersion = 25.0.1704.2
MinimumVisualStudioVersion = 10.0.40219.1
Project("{FAE04EC0-301F-11D3-BF4B-00C04F79EFBC}") = "Step4_WebApi_Jwt_AzureKV", "Step4_WebApi_Jwt_AzureKV\Step4_WebApi_Jwt_AzureKV.csproj", "{51F703EC-4DEC-441C-9EA0-B0D86A132B1C}"
EndProject
Global
	GlobalSection(SolutionConfigurationPlatforms) = preSolution
		Debug|Any CPU = Debug|Any CPU
		Release|Any CPU = Release|Any CPU
	EndGlobalSection
	GlobalSection(ProjectConfigurationPlatforms) = postSolution
		{51F703EC-4DEC-441C-9EA0-B0D86A132B1C}.Debug|Any CPU.ActiveCfg = Debug|Any CPU
		{51F703EC-4DEC-441C-9EA0-B0D86A132B1C}.Debug|Any CPU.Build.0 = Debug|Any CPU
		{51F703EC-4DEC-441C-9EA0-B0D86A132B1C}.Release|Any CPU.ActiveCfg = Release|Any CPU
		{51F703EC-4DEC-441C-9EA0-B0D86A132B1C}.Release|Any CPU.Build.0 = Release|Any CPU
	EndGlobalSection
	GlobalSection(SolutionProperties) = preSolution
		HideSolutionNode = FALSE
	EndGlobalSection
	GlobalSection(ExtensibilityGlobals) = postSolution
		SolutionGuid = {86D9F60D-F458-4EEA-81E0-024CD6DB7D91}
	EndGlobalSection
EndGlobal
